{
  "name": "VNC",
  "lockfileVersion": 2,
  "requires": true,
  "packages": {
    "": {
      "dependencies": {
        "react-vnc-display": "^2.0.1"
      }
    },
    "node_modules/bowser": {
      "version": "0.7.3",
      "resolved": "https://registry.npmjs.org/bowser/-/bowser-0.7.3.tgz",
      "integrity": "sha512-N/toHA87JcmAHPqU8Qt7YnhFK6W2WUpdq5M1k/JqLdTqtts7sHEMZhFjFWTvvR2poKF7Qki0qknhIPIr5I7TIQ=="
    },
    "node_modules/debug": {
      "version": "2.6.9",
      "resolved": "https://registry.npmjs.org/debug/-/debug-2.6.9.tgz",
      "integrity": "sha512-bC7ElrdJaJnPbAP+1EotYvqZsb3ecl5wi6Bfi6BJTUcNowp6cvspg0jXznRTKDjm/E7AdgFBVeAPVMNcKGsHMA==",
      "dependencies": {
        "ms": "2.0.0"
      }
    },
    "node_modules/js-tokens": {
      "version": "4.0.0",
      "resolved": "https://registry.npmjs.org/js-tokens/-/js-tokens-4.0.0.tgz",
      "integrity": "sha512-RdJUflcE3cUzKiMqQgsCu06FPu9UdIJO0beYbPhHN4k6apgJtifcoCtT9bcxOpYBtpD2kCM6Sbzg4CausW/PKQ=="
    },
    "node_modules/loose-envify": {
      "version": "1.4.0",
      "resolved": "https://registry.npmjs.org/loose-envify/-/loose-envify-1.4.0.tgz",
      "integrity": "sha512-lyuxPGr/Wfhrlem2CL/UcnUc1zcqKAImBDzukY7Y5F/yQiNdko6+fRLevlw1HgMySw7f611UIY408EtxRSoK3Q==",
      "dependencies": {
        "js-tokens": "^3.0.0 || ^4.0.0"
      },
      "bin": {
        "loose-envify": "cli.js"
      }
    },
    "node_modules/ms": {
      "version": "2.0.0",
      "resolved": "https://registry.npmjs.org/ms/-/ms-2.0.0.tgz",
      "integrity": "sha512-Tpp60P6IUJDTuOq/5Z8cdskzJujfwqfOTkrwIwj7IRISpnkJnT6SyJ4PCPnGMoFjC9ddhal5KVIYtAt97ix05A=="
    },
    "node_modules/novnc-node": {
      "version": "0.5.3",
      "resolved": "https://registry.npmjs.org/novnc-node/-/novnc-node-0.5.3.tgz",
      "integrity": "sha512-qiPKTK2MNs2ym9eg7LG+TNMspBqxkfbiZQRLzRAJXVVoO9gsz0hj57KdSt8SusWmqPjttKiQhs7OHPDL+g9r3g==",
      "dependencies": {
        "bowser": "^0.7.2",
        "debug": "^2.2.0"
      },
      "engines": {
        "node": ">=0.10.32"
      }
    },
    "node_modules/object-assign": {
      "version": "4.1.1",
      "resolved": "https://registry.npmjs.org/object-assign/-/object-assign-4.1.1.tgz",
      "integrity": "sha512-rJgTQnkUnH1sFw8yT6VSU3zD3sWmu6sZhIseY8VX+GRu3P6F7Fu+JNDoXfklElbLJSnc3FUQHVe4cU5hj+BcUg==",
      "engines": {
        "node": ">=0.10.0"
      }
    },
    "node_modules/prop-types": {
      "version": "15.8.1",
      "resolved": "https://registry.npmjs.org/prop-types/-/prop-types-15.8.1.tgz",
      "integrity": "sha512-oj87CgZICdulUohogVAR7AjlC0327U4el4L6eAvOqCeudMDVU0NThNaV+b9Df4dXgSP1gXMTnPdhfe/2qDH5cg==",
      "dependencies": {
        "loose-envify": "^1.4.0",
        "object-assign": "^4.1.1",
        "react-is": "^16.13.1"
      }
    },
    "node_modules/react-is": {
      "version": "16.13.1",
      "resolved": "https://registry.npmjs.org/react-is/-/react-is-16.13.1.tgz",
      "integrity": "sha512-24e6ynE2H+OKt4kqsOvNd8kBpV65zoxbA4BVsEOB3ARVWQki/DHzaUoC5KuON/BiccDaCCTZBuOcfZs70kR8bQ=="
    },
    "node_modules/react-vnc-display": {
      "version": "2.0.1",
      "resolved": "https://registry.npmjs.org/react-vnc-display/-/react-vnc-display-2.0.1.tgz",
      "integrity": "sha512-XQ+t118HfdXg8LTrTer9KLf1gyod+KYnXeXHhJI4xZivnB/iNXQnvb06ZeFLz9+WPmz6TvR36mlfkA0x8BaylQ==",
      "dependencies": {
        "novnc-node": "^0.5.3",
        "prop-types": "^15.6.1"
      }
    }
  },
  "dependencies": {
    "bowser": {
      "version": "0.7.3",
      "resolved": "https://registry.npmjs.org/bowser/-/bowser-0.7.3.tgz",
      "integrity": "sha512-N/toHA87JcmAHPqU8Qt7YnhFK6W2WUpdq5M1k/JqLdTqtts7sHEMZhFjFWTvvR2poKF7Qki0qknhIPIr5I7TIQ=="
    },
    "debug": {
      "version": "2.6.9",
      "resolved": "https://registry.npmjs.org/debug/-/debug-2.6.9.tgz",
      "integrity": "sha512-bC7ElrdJaJnPbAP+1EotYvqZsb3ecl5wi6Bfi6BJTUcNowp6cvspg0jXznRTKDjm/E7AdgFBVeAPVMNcKGsHMA==",
      "requires": {
        "ms": "2.0.0"
      }
    },
    "js-tokens": {
      "version": "4.0.0",
      "resolved": "https://registry.npmjs.org/js-tokens/-/js-tokens-4.0.0.tgz",
      "integrity": "sha512-RdJUflcE3cUzKiMqQgsCu06FPu9UdIJO0beYbPhHN4k6apgJtifcoCtT9bcxOpYBtpD2kCM6Sbzg4CausW/PKQ=="
    },
    "loose-envify": {
      "version": "1.4.0",
      "resolved": "https://registry.npmjs.org/loose-envify/-/loose-envify-1.4.0.tgz",
      "integrity": "sha512-lyuxPGr/Wfhrlem2CL/UcnUc1zcqKAImBDzukY7Y5F/yQiNdko6+fRLevlw1HgMySw7f611UIY408EtxRSoK3Q==",
      "requires": {
        "js-tokens": "^3.0.0 || ^4.0.0"
      }
    },
    "ms": {
      "version": "2.0.0",
      "resolved": "https://registry.npmjs.org/ms/-/ms-2.0.0.tgz",
      "integrity": "sha512-Tpp60P6IUJDTuOq/5Z8cdskzJujfwqfOTkrwIwj7IRISpnkJnT6SyJ4PCPnGMoFjC9ddhal5KVIYtAt97ix05A=="
    },
    "novnc-node": {
      "version": "0.5.3",
      "resolved": "https://registry.npmjs.org/novnc-node/-/novnc-node-0.5.3.tgz",
      "integrity": "sha512-qiPKTK2MNs2ym9eg7LG+TNMspBqxkfbiZQRLzRAJXVVoO9gsz0hj57KdSt8SusWmqPjttKiQhs7OHPDL+g9r3g==",
      "requires": {
        "bowser": "^0.7.2",
        "debug": "^2.2.0"
      }
    },
    "object-assign": {
      "version": "4.1.1",
      "resolved": "https://registry.npmjs.org/object-assign/-/object-assign-4.1.1.tgz",
      "integrity": "sha512-rJgTQnkUnH1sFw8yT6VSU3zD3sWmu6sZhIseY8VX+GRu3P6F7Fu+JNDoXfklElbLJSnc3FUQHVe4cU5hj+BcUg=="
    },
    "prop-types": {
      "version": "15.8.1",
      "resolved": "https://registry.npmjs.org/prop-types/-/prop-types-15.8.1.tgz",
      "integrity": "sha512-oj87CgZICdulUohogVAR7AjlC0327U4el4L6eAvOqCeudMDVU0NThNaV+b9Df4dXgSP1gXMTnPdhfe/2qDH5cg==",
      "requires": {
        "loose-envify": "^1.4.0",
        "object-assign": "^4.1.1",
        "react-is": "^16.13.1"
      }
    },
    "react-is": {
      "version": "16.13.1",
      "resolved": "https://registry.npmjs.org/react-is/-/react-is-16.13.1.tgz",
      "integrity": "sha512-24e6ynE2H+OKt4kqsOvNd8kBpV65zoxbA4BVsEOB3ARVWQki/DHzaUoC5KuON/BiccDaCCTZBuOcfZs70kR8bQ=="
    },
    "react-vnc-display": {
      "version": "2.0.1",
      "resolved": "https://registry.npmjs.org/react-vnc-display/-/react-vnc-display-2.0.1.tgz",
      "integrity": "sha512-XQ+t118HfdXg8LTrTer9KLf1gyod+KYnXeXHhJI4xZivnB/iNXQnvb06ZeFLz9+WPmz6TvR36mlfkA0x8BaylQ==",
      "requires": {
        "novnc-node": "^0.5.3",
        "prop-types": "^15.6.1"
      }
    }
  }
}
